
Microsoft Visual Studio Solution File, Format Version 12.00
# Visual Studio Version 17
VisualStudioVersion = 17.13.35919.96
MinimumVisualStudioVersion = 10.0.40219.1
Project("{2150E333-8FDC-42A3-9474-1A3956D46DE8}") = "BuildingBlocks", "BuildingBlocks", "{02EA681E-C7D8-13C7-8484-4AC65E1B71E8}"
EndProject
Project("{2150E333-8FDC-42A3-9474-1A3956D46DE8}") = "Services", "Services", "{C321E7E1-6086-4805-97B4-650CDC3F93E5}"
EndProject
Project("{2150E333-8FDC-42A3-9474-1A3956D46DE8}") = "Catalog", "Catalog", "{7044D78D-E668-47BB-BC1C-DFC14450D5FB}"
EndProject
Project("{FAE04EC0-301F-11D3-BF4B-00C04F79EFBC}") = "Catalog.API", "Services\Catalog\Catalog.API\Catalog.API.csproj", "{D7D255CB-B0A3-4935-9520-17B8AC4A7F60}"
EndProject
Global
	GlobalSection(SolutionConfigurationPlatforms) = preSolution
		Debug|Any CPU = Debug|Any CPU
		Release|Any CPU = Release|Any CPU
	EndGlobalSection
	GlobalSection(ProjectConfigurationPlatforms) = postSolution
		{D7D255CB-B0A3-4935-9520-17B8AC4A7F60}.Debug|Any CPU.ActiveCfg = Debug|Any CPU
		{D7D255CB-B0A3-4935-9520-17B8AC4A7F60}.Debug|Any CPU.Build.0 = Debug|Any CPU
		{D7D255CB-B0A3-4935-9520-17B8AC4A7F60}.Release|Any CPU.ActiveCfg = Release|Any CPU
		{D7D255CB-B0A3-4935-9520-17B8AC4A7F60}.Release|Any CPU.Build.0 = Release|Any CPU
	EndGlobalSection
	GlobalSection(SolutionProperties) = preSolution
		HideSolutionNode = FALSE
	EndGlobalSection
	GlobalSection(NestedProjects) = preSolution
		{7044D78D-E668-47BB-BC1C-DFC14450D5FB} = {C321E7E1-6086-4805-97B4-650CDC3F93E5}
		{D7D255CB-B0A3-4935-9520-17B8AC4A7F60} = {7044D78D-E668-47BB-BC1C-DFC14450D5FB}
	EndGlobalSection
	GlobalSection(ExtensibilityGlobals) = postSolution
		SolutionGuid = {050E1F3A-B6FA-45A9-8492-25204189C748}
	EndGlobalSection
EndGlobal
