
Microsoft Visual Studio Solution File, Format Version 12.00
# Visual Studio Version 17
VisualStudioVersion = 17.13.35919.96
MinimumVisualStudioVersion = 10.0.40219.1
Project("{2150E333-8FDC-42A3-9474-1A3956D46DE8}") = "BuildingBlocks", "BuildingBlocks", "{02EA681E-C7D8-13C7-8484-4AC65E1B71E8}"
EndProject
Project("{2150E333-8FDC-42A3-9474-1A3956D46DE8}") = "Services", "Services", "{C321E7E1-6086-4805-97B4-650CDC3F93E5}"
EndProject
Project("{2150E333-8FDC-42A3-9474-1A3956D46DE8}") = "Catalog", "Catalog", "{7044D78D-E668-47BB-BC1C-DFC14450D5FB}"
EndProject
Project("{FAE04EC0-301F-11D3-BF4B-00C04F79EFBC}") = "Catalog.API", "Services\Catalog\Catalog.API\Catalog.API.csproj", "{D7D255CB-B0A3-4935-9520-17B8AC4A7F60}"
EndProject
Project("{FAE04EC0-301F-11D3-BF4B-00C04F79EFBC}") = "BuildingBlocks", "BuildingBlocks\BuildingBlocks\BuildingBlocks.csproj", "{079B1CF7-79AF-42D0-99E4-8AC9920542D0}"
EndProject
Project("{E53339B2-1760-4266-BCC7-CA923CBCF16C}") = "docker-compose", "docker-compose.dcproj", "{81DDED9D-158B-E303-5F62-77A2896D2A5A}"
EndProject
Project("{2150E333-8FDC-42A3-9474-1A3956D46DE8}") = "Basket", "Basket", "{55552023-5F95-4D7E-927C-989727E085AC}"
EndProject
Project("{FAE04EC0-301F-11D3-BF4B-00C04F79EFBC}") = "Basket.API", "Services\Basket\Basket.API\Basket.API.csproj", "{E286C11F-6979-4B4C-8B1D-6EEF2166FBBB}"
EndProject
Project("{2150E333-8FDC-42A3-9474-1A3956D46DE8}") = "Discount", "Discount", "{D8C08D32-249B-4AF0-A6F4-3EC483691B6B}"
EndProject
Project("{FAE04EC0-301F-11D3-BF4B-00C04F79EFBC}") = "Discount.Grpc", "Services\Discount\Discount.Grpc\Discount.Grpc.csproj", "{21986DEA-C619-4324-86F3-E069A57F0921}"
EndProject
Global
	GlobalSection(SolutionConfigurationPlatforms) = preSolution
		Debug|Any CPU = Debug|Any CPU
		Release|Any CPU = Release|Any CPU
	EndGlobalSection
	GlobalSection(ProjectConfigurationPlatforms) = postSolution
		{D7D255CB-B0A3-4935-9520-17B8AC4A7F60}.Debug|Any CPU.ActiveCfg = Debug|Any CPU
		{D7D255CB-B0A3-4935-9520-17B8AC4A7F60}.Debug|Any CPU.Build.0 = Debug|Any CPU
		{D7D255CB-B0A3-4935-9520-17B8AC4A7F60}.Release|Any CPU.ActiveCfg = Release|Any CPU
		{D7D255CB-B0A3-4935-9520-17B8AC4A7F60}.Release|Any CPU.Build.0 = Release|Any CPU
		{079B1CF7-79AF-42D0-99E4-8AC9920542D0}.Debug|Any CPU.ActiveCfg = Debug|Any CPU
		{079B1CF7-79AF-42D0-99E4-8AC9920542D0}.Debug|Any CPU.Build.0 = Debug|Any CPU
		{079B1CF7-79AF-42D0-99E4-8AC9920542D0}.Release|Any CPU.ActiveCfg = Release|Any CPU
		{079B1CF7-79AF-42D0-99E4-8AC9920542D0}.Release|Any CPU.Build.0 = Release|Any CPU
		{81DDED9D-158B-E303-5F62-77A2896D2A5A}.Debug|Any CPU.ActiveCfg = Debug|Any CPU
		{81DDED9D-158B-E303-5F62-77A2896D2A5A}.Debug|Any CPU.Build.0 = Debug|Any CPU
		{81DDED9D-158B-E303-5F62-77A2896D2A5A}.Release|Any CPU.ActiveCfg = Release|Any CPU
		{81DDED9D-158B-E303-5F62-77A2896D2A5A}.Release|Any CPU.Build.0 = Release|Any CPU
		{E286C11F-6979-4B4C-8B1D-6EEF2166FBBB}.Debug|Any CPU.ActiveCfg = Debug|Any CPU
		{E286C11F-6979-4B4C-8B1D-6EEF2166FBBB}.Debug|Any CPU.Build.0 = Debug|Any CPU
		{E286C11F-6979-4B4C-8B1D-6EEF2166FBBB}.Release|Any CPU.ActiveCfg = Release|Any CPU
		{E286C11F-6979-4B4C-8B1D-6EEF2166FBBB}.Release|Any CPU.Build.0 = Release|Any CPU
		{21986DEA-C619-4324-86F3-E069A57F0921}.Debug|Any CPU.ActiveCfg = Debug|Any CPU
		{21986DEA-C619-4324-86F3-E069A57F0921}.Debug|Any CPU.Build.0 = Debug|Any CPU
		{21986DEA-C619-4324-86F3-E069A57F0921}.Release|Any CPU.ActiveCfg = Release|Any CPU
		{21986DEA-C619-4324-86F3-E069A57F0921}.Release|Any CPU.Build.0 = Release|Any CPU
	EndGlobalSection
	GlobalSection(SolutionProperties) = preSolution
		HideSolutionNode = FALSE
	EndGlobalSection
	GlobalSection(NestedProjects) = preSolution
		{7044D78D-E668-47BB-BC1C-DFC14450D5FB} = {C321E7E1-6086-4805-97B4-650CDC3F93E5}
		{D7D255CB-B0A3-4935-9520-17B8AC4A7F60} = {7044D78D-E668-47BB-BC1C-DFC14450D5FB}
		{079B1CF7-79AF-42D0-99E4-8AC9920542D0} = {02EA681E-C7D8-13C7-8484-4AC65E1B71E8}
		{55552023-5F95-4D7E-927C-989727E085AC} = {C321E7E1-6086-4805-97B4-650CDC3F93E5}
		{E286C11F-6979-4B4C-8B1D-6EEF2166FBBB} = {55552023-5F95-4D7E-927C-989727E085AC}
		{D8C08D32-249B-4AF0-A6F4-3EC483691B6B} = {C321E7E1-6086-4805-97B4-650CDC3F93E5}
		{21986DEA-C619-4324-86F3-E069A57F0921} = {D8C08D32-249B-4AF0-A6F4-3EC483691B6B}
	EndGlobalSection
	GlobalSection(ExtensibilityGlobals) = postSolution
		SolutionGuid = {050E1F3A-B6FA-45A9-8492-25204189C748}
	EndGlobalSection
EndGlobal
